
Microsoft Visual Studio Solution File, Format Version 12.00
# Visual Studio Version 16
VisualStudioVersion = 16.0.31829.152
MinimumVisualStudioVersion = 10.0.40219.1
Project("{9A19103F-16F7-4668-BE54-9A1E7A4F7556}") = "Emailer", "Emailer\Emailer.csproj", "{56E1A23A-6E28-47F7-98D4-DC37EF972ABB}"
EndProject
Global
	GlobalSection(SolutionConfigurationPlatforms) = preSolution
		Debug|Any CPU = Debug|Any CPU
		Debug|x64 = Debug|x64
		Debug|x86 = Debug|x86
		Release|Any CPU = Release|Any CPU
		Release|x64 = Release|x64
		Release|x86 = Release|x86
	EndGlobalSection
	GlobalSection(ProjectConfigurationPlatforms) = postSolution
		{56E1A23A-6E28-47F7-98D4-DC37EF972ABB}.Debug|Any CPU.ActiveCfg = Debug|Any CPU
		{56E1A23A-6E28-47F7-98D4-DC37EF972ABB}.Debug|Any CPU.Build.0 = Debug|Any CPU
		{56E1A23A-6E28-47F7-98D4-DC37EF972ABB}.Debug|x64.ActiveCfg = Debug|x64
		{56E1A23A-6E28-47F7-98D4-DC37EF972ABB}.Debug|x64.Build.0 = Debug|x64
		{56E1A23A-6E28-47F7-98D4-DC37EF972ABB}.Debug|x86.ActiveCfg = Debug|Any CPU
		{56E1A23A-6E28-47F7-98D4-DC37EF972ABB}.Debug|x86.Build.0 = Debug|Any CPU
		{56E1A23A-6E28-47F7-98D4-DC37EF972ABB}.Release|Any CPU.ActiveCfg = Release|Any CPU
		{56E1A23A-6E28-47F7-98D4-DC37EF972ABB}.Release|Any CPU.Build.0 = Release|Any CPU
		{56E1A23A-6E28-47F7-98D4-DC37EF972ABB}.Release|x64.ActiveCfg = Release|x64
		{56E1A23A-6E28-47F7-98D4-DC37EF972ABB}.Release|x64.Build.0 = Release|x64
		{56E1A23A-6E28-47F7-98D4-DC37EF972ABB}.Release|x86.ActiveCfg = Release|x86
		{56E1A23A-6E28-47F7-98D4-DC37EF972ABB}.Release|x86.Build.0 = Release|x86
	EndGlobalSection
	GlobalSection(SolutionProperties) = preSolution
		HideSolutionNode = FALSE
	EndGlobalSection
	GlobalSection(ExtensibilityGlobals) = postSolution
		SolutionGuid = {596FDBB5-74CE-4661-BCB4-E386EFA434AD}
	EndGlobalSection
EndGlobal
